{
  "requires": true,
  "lockfileVersion": 1,
  "dependencies": {
    "semantic-ui-scss": {
      "version": "1.0.0",
      "resolved": "https://registry.npmjs.org/semantic-ui-scss/-/semantic-ui-scss-1.0.0.tgz",
      "integrity": "sha512-817U0D9u9eJ8QpzElrNdUw6BERHtTvqNYWe5eGvtNJBnjO3Dsfb8knYQ6sH68yCEAn872xN/x+qMXZ1XdICwQw=="
    }
  }
}
